
Microsoft Visual Studio Solution File, Format Version 12.00
# Visual Studio Version 16
VisualStudioVersion = 16.0.31005.135
MinimumVisualStudioVersion = 10.0.40219.1
Project("{9A19103F-16F7-4668-BE54-9A1E7A4F7556}") = "Authentication.Web", "Authentication.Web\Authentication.Web.csproj", "{8579EAEF-F2CD-411E-8DCE-9BFFA1A7FD50}"
EndProject
Project("{FAE04EC0-301F-11D3-BF4B-00C04F79EFBC}") = "Auth.Domain", "Auth.Domain\Auth.Domain.csproj", "{1607D302-4268-4E7B-94B8-40D74945E792}"
EndProject
Project("{FAE04EC0-301F-11D3-BF4B-00C04F79EFBC}") = "Auth.Core", "Auth.Core\Auth.Core.csproj", "{E0687CE3-24DB-46DA-9673-A0295A64B483}"
EndProject
Project("{FAE04EC0-301F-11D3-BF4B-00C04F79EFBC}") = "Auth.Infrastructure", "Auth.Infrastructure\Auth.Infrastructure.csproj", "{77FA41B0-AC62-49D7-A95E-C7F85130467B}"
EndProject
Global
	GlobalSection(SolutionConfigurationPlatforms) = preSolution
		Debug|Any CPU = Debug|Any CPU
		Release|Any CPU = Release|Any CPU
	EndGlobalSection
	GlobalSection(ProjectConfigurationPlatforms) = postSolution
		{8579EAEF-F2CD-411E-8DCE-9BFFA1A7FD50}.Debug|Any CPU.ActiveCfg = Debug|Any CPU
		{8579EAEF-F2CD-411E-8DCE-9BFFA1A7FD50}.Debug|Any CPU.Build.0 = Debug|Any CPU
		{8579EAEF-F2CD-411E-8DCE-9BFFA1A7FD50}.Release|Any CPU.ActiveCfg = Release|Any CPU
		{8579EAEF-F2CD-411E-8DCE-9BFFA1A7FD50}.Release|Any CPU.Build.0 = Release|Any CPU
		{1607D302-4268-4E7B-94B8-40D74945E792}.Debug|Any CPU.ActiveCfg = Debug|Any CPU
		{1607D302-4268-4E7B-94B8-40D74945E792}.Debug|Any CPU.Build.0 = Debug|Any CPU
		{1607D302-4268-4E7B-94B8-40D74945E792}.Release|Any CPU.ActiveCfg = Release|Any CPU
		{1607D302-4268-4E7B-94B8-40D74945E792}.Release|Any CPU.Build.0 = Release|Any CPU
		{E0687CE3-24DB-46DA-9673-A0295A64B483}.Debug|Any CPU.ActiveCfg = Debug|Any CPU
		{E0687CE3-24DB-46DA-9673-A0295A64B483}.Debug|Any CPU.Build.0 = Debug|Any CPU
		{E0687CE3-24DB-46DA-9673-A0295A64B483}.Release|Any CPU.ActiveCfg = Release|Any CPU
		{E0687CE3-24DB-46DA-9673-A0295A64B483}.Release|Any CPU.Build.0 = Release|Any CPU
		{77FA41B0-AC62-49D7-A95E-C7F85130467B}.Debug|Any CPU.ActiveCfg = Debug|Any CPU
		{77FA41B0-AC62-49D7-A95E-C7F85130467B}.Debug|Any CPU.Build.0 = Debug|Any CPU
		{77FA41B0-AC62-49D7-A95E-C7F85130467B}.Release|Any CPU.ActiveCfg = Release|Any CPU
		{77FA41B0-AC62-49D7-A95E-C7F85130467B}.Release|Any CPU.Build.0 = Release|Any CPU
	EndGlobalSection
	GlobalSection(SolutionProperties) = preSolution
		HideSolutionNode = FALSE
	EndGlobalSection
	GlobalSection(ExtensibilityGlobals) = postSolution
		SolutionGuid = {12F4A108-3FC3-44B7-8033-55588E5CCDE3}
	EndGlobalSection
EndGlobal
